
Microsoft Visual Studio Solution File, Format Version 12.00
# Visual Studio Version 16
VisualStudioVersion = 16.0.32929.386
MinimumVisualStudioVersion = 10.0.40219.1
Project("{9A19103F-16F7-4668-BE54-9A1E7A4F7556}") = "MovieRentalConsoleApp", "MovieRentalConsoleApp\MovieRentalConsoleApp.csproj", "{737ED54A-B144-4044-B329-7256A1D19615}"
EndProject
Project("{FAE04EC0-301F-11D3-BF4B-00C04F79EFBC}") = "MovieRentalConsoleAppTests", "MovieRentalConsoleAppTests\MovieRentalConsoleAppTests.csproj", "{C814BD55-3767-4BE8-8B12-C88927CF8435}"
EndProject
Global
	GlobalSection(SolutionConfigurationPlatforms) = preSolution
		Debug|Any CPU = Debug|Any CPU
		Release|Any CPU = Release|Any CPU
	EndGlobalSection
	GlobalSection(ProjectConfigurationPlatforms) = postSolution
		{737ED54A-B144-4044-B329-7256A1D19615}.Debug|Any CPU.ActiveCfg = Debug|Any CPU
		{737ED54A-B144-4044-B329-7256A1D19615}.Debug|Any CPU.Build.0 = Debug|Any CPU
		{737ED54A-B144-4044-B329-7256A1D19615}.Release|Any CPU.ActiveCfg = Release|Any CPU
		{737ED54A-B144-4044-B329-7256A1D19615}.Release|Any CPU.Build.0 = Release|Any CPU
		{C814BD55-3767-4BE8-8B12-C88927CF8435}.Debug|Any CPU.ActiveCfg = Debug|Any CPU
		{C814BD55-3767-4BE8-8B12-C88927CF8435}.Debug|Any CPU.Build.0 = Debug|Any CPU
		{C814BD55-3767-4BE8-8B12-C88927CF8435}.Release|Any CPU.ActiveCfg = Release|Any CPU
		{C814BD55-3767-4BE8-8B12-C88927CF8435}.Release|Any CPU.Build.0 = Release|Any CPU
	EndGlobalSection
	GlobalSection(SolutionProperties) = preSolution
		HideSolutionNode = FALSE
	EndGlobalSection
	GlobalSection(ExtensibilityGlobals) = postSolution
		SolutionGuid = {AFB6A77E-07B7-47BF-A26A-1BCD982EE580}
	EndGlobalSection
EndGlobal
